<?xml version="1.0" encoding="utf-8"?>
<Project ToolsVersion="4.0" xmlns="http://schemas.microsoft.com/developer/msbuild/2003">
  <ItemGroup>
    <Filter Include="Source Dateien">
      <UniqueIdentifier>{4FC737F1-C7A5-4376-A066-2A32D752A2FF}</UniqueIdentifier>
      <Extensions>cpp;cxx;c;def</Extensions>
    </Filter>
    <Filter Include="Header Dateien">
      <UniqueIdentifier>{93995380-89BD-4b04-88EB-625FBE52EBFB}</UniqueIdentifier>
      <Extensions>h</Extensions>
    </Filter>
    <Filter Include="Form Dateien">
      <UniqueIdentifier>{99349809-55BA-4b9d-BF79-8FDBB0286EB3}</UniqueIdentifier>
      <Extensions>ui</Extensions>
    </Filter>
    <Filter Include="Resource Dateien">
      <UniqueIdentifier>{D9D6E242-F8AF-46E4-B9FD-80ECBC20BA3E}</UniqueIdentifier>
      <Extensions>qrc;*</Extensions>
      <ParseFiles>false</ParseFiles>
    </Filter>
    <Filter Include="Generierte Dateien">
      <UniqueIdentifier>{71ED8ED8-ACB9-4CE9-BBE1-E00B30144E11}</UniqueIdentifier>
      <Extensions>moc;h;cpp</Extensions>
      <SourceControlFiles>False</SourceControlFiles>
    </Filter>
    <Filter Include="Generierte Dateien\Debug">
      <UniqueIdentifier>{cbbe7a5d-e4d1-445e-a34c-7422bf9c0dd4}</UniqueIdentifier>
      <Extensions>cpp;moc</Extensions>
      <SourceControlFiles>False</SourceControlFiles>
    </Filter>
    <Filter Include="Generierte Dateien\Release">
      <UniqueIdentifier>{721a4933-243b-477d-9dc1-c1bb6315614a}</UniqueIdentifier>
      <Extensions>cpp;moc</Extensions>
      <SourceControlFiles>False</SourceControlFiles>
    </Filter>
    <Filter Include="Source Dateien\qt4port">
      <UniqueIdentifier>{592e9d88-a2fe-46c7-a125-364f447832ec}</UniqueIdentifier>
    </Filter>
  </ItemGroup>
  <ItemGroup>
    <ClCompile Include="main.cpp">
      <Filter>Source Dateien</Filter>
    </ClCompile>
    <ClCompile Include="GeneratedFiles\Debug\moc_widget.cpp">
      <Filter>Generierte Dateien\Debug</Filter>
    </ClCompile>
    <ClCompile Include="GeneratedFiles\Release\moc_widget.cpp">
      <Filter>Generierte Dateien\Release</Filter>
    </ClCompile>
    <ClCompile Include="widget.cpp">
      <Filter>Source Dateien</Filter>
    </ClCompile>
    <ClCompile Include="GeneratedFiles\qrc_mosaic.cpp">
      <Filter>Generierte Dateien</Filter>
    </ClCompile>
    <ClCompile Include="..\..\..\Src\GUIFramework\qt4port\headerview.cpp">
      <Filter>Source Dateien\qt4port</Filter>
    </ClCompile>
    <ClCompile Include="..\..\..\Src\GUIFramework\qt4port\listview.cpp">
      <Filter>Source Dateien\qt4port</Filter>
    </ClCompile>
    <ClCompile Include="..\..\..\Src\GUIFramework\qt4port\listviewitem.cpp">
      <Filter>Source Dateien\qt4port</Filter>
    </ClCompile>
    <ClCompile Include="..\..\..\Src\GUIFramework\qt4port\listviewitemiterator.cpp">
      <Filter>Source Dateien\qt4port</Filter>
    </ClCompile>
    <ClCompile Include="GeneratedFiles\Debug\moc_listview.cpp">
      <Filter>Generierte Dateien\Debug</Filter>
    </ClCompile>
    <ClCompile Include="GeneratedFiles\Release\moc_listview.cpp">
      <Filter>Generierte Dateien\Release</Filter>
    </ClCompile>
    <ClCompile Include="..\..\..\Src\GUIFramework\qt4port\listviewitemdelegate.cpp">
      <Filter>Source Dateien\qt4port</Filter>
    </ClCompile>
    <ClCompile Include="GeneratedFiles\Debug\moc_q4_testapp.cpp">
      <Filter>Generierte Dateien\Debug</Filter>
    </ClCompile>
    <ClCompile Include="GeneratedFiles\Release\moc_q4_testapp.cpp">
      <Filter>Generierte Dateien\Release</Filter>
    </ClCompile>
    <ClCompile Include="q4_testapp.cpp">
      <Filter>Source Dateien</Filter>
    </ClCompile>
  </ItemGroup>
  <ItemGroup>
    <CustomBuild Include="widget.h">
      <Filter>Source Dateien</Filter>
    </CustomBuild>
    <CustomBuild Include="Resources\mosaic.qrc">
      <Filter>Resource Dateien</Filter>
    </CustomBuild>
    <CustomBuild Include="..\..\..\Src\GUIFramework\qt4port\listview.h">
      <Filter>Source Dateien\qt4port</Filter>
    </CustomBuild>
    <CustomBuild Include="q4_testapp.h">
      <Filter>Header Dateien</Filter>
    </CustomBuild>
    <CustomBuild Include="q4_testapp.ui">
      <Filter>Form Dateien</Filter>
    </CustomBuild>
  </ItemGroup>
  <ItemGroup>
    <ClInclude Include="..\..\..\Src\GUIFramework\qt4port\headerview.h">
      <Filter>Source Dateien\qt4port</Filter>
    </ClInclude>
    <ClInclude Include="..\..\..\Src\GUIFramework\qt4port\listviewitem.h">
      <Filter>Source Dateien\qt4port</Filter>
    </ClInclude>
    <ClInclude Include="..\..\..\Src\GUIFramework\qt4port\listviewitemiterator.h">
      <Filter>Source Dateien\qt4port</Filter>
    </ClInclude>
    <ClInclude Include="..\..\..\Src\GUIFramework\qt4port\qheader.h">
      <Filter>Source Dateien\qt4port</Filter>
    </ClInclude>
    <ClInclude Include="..\..\..\Src\GUIFramework\qt4port\qobjectlist.h">
      <Filter>Source Dateien\qt4port</Filter>
    </ClInclude>
    <ClInclude Include="..\..\..\Src\GUIFramework\qt4port\qptrlist.h">
      <Filter>Source Dateien\qt4port</Filter>
    </ClInclude>
    <ClInclude Include="GeneratedFiles\ui_q4_testapp.h">
      <Filter>Generierte Dateien</Filter>
    </ClInclude>
  </ItemGroup>
  <ItemGroup>
    <None Include="Resources\images\img_1.png">
      <Filter>Resource Dateien</Filter>
    </None>
    <None Include="Resources\images\img_10.png">
      <Filter>Resource Dateien</Filter>
    </None>
    <None Include="Resources\images\img_100.png">
      <Filter>Resource Dateien</Filter>
    </None>
    <None Include="Resources\images\img_101.png">
      <Filter>Resource Dateien</Filter>
    </None>
    <None Include="Resources\images\img_102.png">
      <Filter>Resource Dateien</Filter>
    </None>
    <None Include="Resources\images\img_103.png">
      <Filter>Resource Dateien</Filter>
    </None>
    <None Include="Resources\images\img_104.png">
      <Filter>Resource Dateien</Filter>
    </None>
    <None Include="Resources\images\img_105.png">
      <Filter>Resource Dateien</Filter>
    </None>
    <None Include="Resources\images\img_106.png">
      <Filter>Resource Dateien</Filter>
    </None>
    <None Include="Resources\images\img_107.png">
      <Filter>Resource Dateien</Filter>
    </None>
    <None Include="Resources\images\img_108.png">
      <Filter>Resource Dateien</Filter>
    </None>
    <None Include="Resources\images\img_109.png">
      <Filter>Resource Dateien</Filter>
    </None>
    <None Include="Resources\images\img_11.png">
      <Filter>Resource Dateien</Filter>
    </None>
    <None Include="Resources\images\img_110.png">
      <Filter>Resource Dateien</Filter>
    </None>
    <None Include="Resources\images\img_111.png">
      <Filter>Resource Dateien</Filter>
    </None>
    <None Include="Resources\images\img_112.png">
      <Filter>Resource Dateien</Filter>
    </None>
    <None Include="Resources\images\img_113.png">
      <Filter>Resource Dateien</Filter>
    </None>
    <None Include="Resources\images\img_114.png">
      <Filter>Resource Dateien</Filter>
    </None>
    <None Include="Resources\images\img_115.png">
      <Filter>Resource Dateien</Filter>
    </None>
    <None Include="Resources\images\img_116.png">
      <Filter>Resource Dateien</Filter>
    </None>
    <None Include="Resources\images\img_117.png">
      <Filter>Resource Dateien</Filter>
    </None>
    <None Include="Resources\images\img_118.png">
      <Filter>Resource Dateien</Filter>
    </None>
    <None Include="Resources\images\img_119.png">
      <Filter>Resource Dateien</Filter>
    </None>
    <None Include="Resources\images\img_12.png">
      <Filter>Resource Dateien</Filter>
    </None>
    <None Include="Resources\images\img_120.png">
      <Filter>Resource Dateien</Filter>
    </None>
    <None Include="Resources\images\img_121.png">
      <Filter>Resource Dateien</Filter>
    </None>
    <None Include="Resources\images\img_122.png">
      <Filter>Resource Dateien</Filter>
    </None>
    <None Include="Resources\images\img_123.png">
      <Filter>Resource Dateien</Filter>
    </None>
    <None Include="Resources\images\img_124.png">
      <Filter>Resource Dateien</Filter>
    </None>
    <None Include="Resources\images\img_125.png">
      <Filter>Resource Dateien</Filter>
    </None>
    <None Include="Resources\images\img_126.png">
      <Filter>Resource Dateien</Filter>
    </None>
    <None Include="Resources\images\img_127.png">
      <Filter>Resource Dateien</Filter>
    </None>
    <None Include="Resources\images\img_128.png">
      <Filter>Resource Dateien</Filter>
    </None>
    <None Include="Resources\images\img_129.png">
      <Filter>Resource Dateien</Filter>
    </None>
    <None Include="Resources\images\img_13.png">
      <Filter>Resource Dateien</Filter>
    </None>
    <None Include="Resources\images\img_130.png">
      <Filter>Resource Dateien</Filter>
    </None>
    <None Include="Resources\images\img_131.png">
      <Filter>Resource Dateien</Filter>
    </None>
    <None Include="Resources\images\img_132.png">
      <Filter>Resource Dateien</Filter>
    </None>
    <None Include="Resources\images\img_133.png">
      <Filter>Resource Dateien</Filter>
    </None>
    <None Include="Resources\images\img_134.png">
      <Filter>Resource Dateien</Filter>
    </None>
    <None Include="Resources\images\img_135.png">
      <Filter>Resource Dateien</Filter>
    </None>
    <None Include="Resources\images\img_136.png">
      <Filter>Resource Dateien</Filter>
    </None>
    <None Include="Resources\images\img_137.png">
      <Filter>Resource Dateien</Filter>
    </None>
    <None Include="Resources\images\img_138.png">
      <Filter>Resource Dateien</Filter>
    </None>
    <None Include="Resources\images\img_139.png">
      <Filter>Resource Dateien</Filter>
    </None>
    <None Include="Resources\images\img_14.png">
      <Filter>Resource Dateien</Filter>
    </None>
    <None Include="Resources\images\img_140.png">
      <Filter>Resource Dateien</Filter>
    </None>
    <None Include="Resources\images\img_141.png">
      <Filter>Resource Dateien</Filter>
    </None>
    <None Include="Resources\images\img_142.png">
      <Filter>Resource Dateien</Filter>
    </None>
    <None Include="Resources\images\img_143.png">
      <Filter>Resource Dateien</Filter>
    </None>
    <None Include="Resources\images\img_144.png">
      <Filter>Resource Dateien</Filter>
    </None>
    <None Include="Resources\images\img_145.png">
      <Filter>Resource Dateien</Filter>
    </None>
    <None Include="Resources\images\img_146.png">
      <Filter>Resource Dateien</Filter>
    </None>
    <None Include="Resources\images\img_147.png">
      <Filter>Resource Dateien</Filter>
    </None>
    <None Include="Resources\images\img_148.png">
      <Filter>Resource Dateien</Filter>
    </None>
    <None Include="Resources\images\img_149.png">
      <Filter>Resource Dateien</Filter>
    </None>
    <None Include="Resources\images\img_15.png">
      <Filter>Resource Dateien</Filter>
    </None>
    <None Include="Resources\images\img_150.png">
      <Filter>Resource Dateien</Filter>
    </None>
    <None Include="Resources\images\img_151.png">
      <Filter>Resource Dateien</Filter>
    </None>
    <None Include="Resources\images\img_152.png">
      <Filter>Resource Dateien</Filter>
    </None>
    <None Include="Resources\images\img_153.png">
      <Filter>Resource Dateien</Filter>
    </None>
    <None Include="Resources\images\img_154.png">
      <Filter>Resource Dateien</Filter>
    </None>
    <None Include="Resources\images\img_155.png">
      <Filter>Resource Dateien</Filter>
    </None>
    <None Include="Resources\images\img_156.png">
      <Filter>Resource Dateien</Filter>
    </None>
    <None Include="Resources\images\img_157.png">
      <Filter>Resource Dateien</Filter>
    </None>
    <None Include="Resources\images\img_158.png">
      <Filter>Resource Dateien</Filter>
    </None>
    <None Include="Resources\images\img_159.png">
      <Filter>Resource Dateien</Filter>
    </None>
    <None Include="Resources\images\img_16.png">
      <Filter>Resource Dateien</Filter>
    </None>
    <None Include="Resources\images\img_160.png">
      <Filter>Resource Dateien</Filter>
    </None>
    <None Include="Resources\images\img_161.png">
      <Filter>Resource Dateien</Filter>
    </None>
    <None Include="Resources\images\img_162.png">
      <Filter>Resource Dateien</Filter>
    </None>
    <None Include="Resources\images\img_163.png">
      <Filter>Resource Dateien</Filter>
    </None>
    <None Include="Resources\images\img_164.png">
      <Filter>Resource Dateien</Filter>
    </None>
    <None Include="Resources\images\img_165.png">
      <Filter>Resource Dateien</Filter>
    </None>
    <None Include="Resources\images\img_166.png">
      <Filter>Resource Dateien</Filter>
    </None>
    <None Include="Resources\images\img_167.png">
      <Filter>Resource Dateien</Filter>
    </None>
    <None Include="Resources\images\img_168.png">
      <Filter>Resource Dateien</Filter>
    </None>
    <None Include="Resources\images\img_169.png">
      <Filter>Resource Dateien</Filter>
    </None>
    <None Include="Resources\images\img_17.png">
      <Filter>Resource Dateien</Filter>
    </None>
    <None Include="Resources\images\img_170.png">
      <Filter>Resource Dateien</Filter>
    </None>
    <None Include="Resources\images\img_171.png">
      <Filter>Resource Dateien</Filter>
    </None>
    <None Include="Resources\images\img_172.png">
      <Filter>Resource Dateien</Filter>
    </None>
    <None Include="Resources\images\img_173.png">
      <Filter>Resource Dateien</Filter>
    </None>
    <None Include="Resources\images\img_174.png">
      <Filter>Resource Dateien</Filter>
    </None>
    <None Include="Resources\images\img_175.png">
      <Filter>Resource Dateien</Filter>
    </None>
    <None Include="Resources\images\img_176.png">
      <Filter>Resource Dateien</Filter>
    </None>
    <None Include="Resources\images\img_177.png">
      <Filter>Resource Dateien</Filter>
    </None>
    <None Include="Resources\images\img_178.png">
      <Filter>Resource Dateien</Filter>
    </None>
    <None Include="Resources\images\img_179.png">
      <Filter>Resource Dateien</Filter>
    </None>
    <None Include="Resources\images\img_18.png">
      <Filter>Resource Dateien</Filter>
    </None>
    <None Include="Resources\images\img_180.png">
      <Filter>Resource Dateien</Filter>
    </None>
    <None Include="Resources\images\img_181.png">
      <Filter>Resource Dateien</Filter>
    </None>
    <None Include="Resources\images\img_182.png">
      <Filter>Resource Dateien</Filter>
    </None>
    <None Include="Resources\images\img_183.png">
      <Filter>Resource Dateien</Filter>
    </None>
    <None Include="Resources\images\img_184.png">
      <Filter>Resource Dateien</Filter>
    </None>
    <None Include="Resources\images\img_185.png">
      <Filter>Resource Dateien</Filter>
    </None>
    <None Include="Resources\images\img_186.png">
      <Filter>Resource Dateien</Filter>
    </None>
    <None Include="Resources\images\img_187.png">
      <Filter>Resource Dateien</Filter>
    </None>
    <None Include="Resources\images\img_188.png">
      <Filter>Resource Dateien</Filter>
    </None>
    <None Include="Resources\images\img_189.png">
      <Filter>Resource Dateien</Filter>
    </None>
    <None Include="Resources\images\img_19.png">
      <Filter>Resource Dateien</Filter>
    </None>
    <None Include="Resources\images\img_190.png">
      <Filter>Resource Dateien</Filter>
    </None>
    <None Include="Resources\images\img_191.png">
      <Filter>Resource Dateien</Filter>
    </None>
    <None Include="Resources\images\img_192.png">
      <Filter>Resource Dateien</Filter>
    </None>
    <None Include="Resources\images\img_193.png">
      <Filter>Resource Dateien</Filter>
    </None>
    <None Include="Resources\images\img_194.png">
      <Filter>Resource Dateien</Filter>
    </None>
    <None Include="Resources\images\img_195.png">
      <Filter>Resource Dateien</Filter>
    </None>
    <None Include="Resources\images\img_196.png">
      <Filter>Resource Dateien</Filter>
    </None>
    <None Include="Resources\images\img_197.png">
      <Filter>Resource Dateien</Filter>
    </None>
    <None Include="Resources\images\img_198.png">
      <Filter>Resource Dateien</Filter>
    </None>
    <None Include="Resources\images\img_199.png">
      <Filter>Resource Dateien</Filter>
    </None>
    <None Include="Resources\images\img_2.png">
      <Filter>Resource Dateien</Filter>
    </None>
    <None Include="Resources\images\img_20.png">
      <Filter>Resource Dateien</Filter>
    </None>
    <None Include="Resources\images\img_200.png">
      <Filter>Resource Dateien</Filter>
    </None>
    <None Include="Resources\images\img_201.png">
      <Filter>Resource Dateien</Filter>
    </None>
    <None Include="Resources\images\img_202.png">
      <Filter>Resource Dateien</Filter>
    </None>
    <None Include="Resources\images\img_203.png">
      <Filter>Resource Dateien</Filter>
    </None>
    <None Include="Resources\images\img_204.png">
      <Filter>Resource Dateien</Filter>
    </None>
    <None Include="Resources\images\img_205.png">
      <Filter>Resource Dateien</Filter>
    </None>
    <None Include="Resources\images\img_206.png">
      <Filter>Resource Dateien</Filter>
    </None>
    <None Include="Resources\images\img_207.png">
      <Filter>Resource Dateien</Filter>
    </None>
    <None Include="Resources\images\img_208.png">
      <Filter>Resource Dateien</Filter>
    </None>
    <None Include="Resources\images\img_209.png">
      <Filter>Resource Dateien</Filter>
    </None>
    <None Include="Resources\images\img_21.png">
      <Filter>Resource Dateien</Filter>
    </None>
    <None Include="Resources\images\img_210.png">
      <Filter>Resource Dateien</Filter>
    </None>
    <None Include="Resources\images\img_211.png">
      <Filter>Resource Dateien</Filter>
    </None>
    <None Include="Resources\images\img_212.png">
      <Filter>Resource Dateien</Filter>
    </None>
    <None Include="Resources\images\img_213.png">
      <Filter>Resource Dateien</Filter>
    </None>
    <None Include="Resources\images\img_214.png">
      <Filter>Resource Dateien</Filter>
    </None>
    <None Include="Resources\images\img_215.png">
      <Filter>Resource Dateien</Filter>
    </None>
    <None Include="Resources\images\img_216.png">
      <Filter>Resource Dateien</Filter>
    </None>
    <None Include="Resources\images\img_217.png">
      <Filter>Resource Dateien</Filter>
    </None>
    <None Include="Resources\images\img_218.png">
      <Filter>Resource Dateien</Filter>
    </None>
    <None Include="Resources\images\img_219.png">
      <Filter>Resource Dateien</Filter>
    </None>
    <None Include="Resources\images\img_22.png">
      <Filter>Resource Dateien</Filter>
    </None>
    <None Include="Resources\images\img_220.png">
      <Filter>Resource Dateien</Filter>
    </None>
    <None Include="Resources\images\img_221.png">
      <Filter>Resource Dateien</Filter>
    </None>
    <None Include="Resources\images\img_222.png">
      <Filter>Resource Dateien</Filter>
    </None>
    <None Include="Resources\images\img_223.png">
      <Filter>Resource Dateien</Filter>
    </None>
    <None Include="Resources\images\img_224.png">
      <Filter>Resource Dateien</Filter>
    </None>
    <None Include="Resources\images\img_225.png">
      <Filter>Resource Dateien</Filter>
    </None>
    <None Include="Resources\images\img_226.png">
      <Filter>Resource Dateien</Filter>
    </None>
    <None Include="Resources\images\img_227.png">
      <Filter>Resource Dateien</Filter>
    </None>
    <None Include="Resources\images\img_228.png">
      <Filter>Resource Dateien</Filter>
    </None>
    <None Include="Resources\images\img_229.png">
      <Filter>Resource Dateien</Filter>
    </None>
    <None Include="Resources\images\img_23.png">
      <Filter>Resource Dateien</Filter>
    </None>
    <None Include="Resources\images\img_230.png">
      <Filter>Resource Dateien</Filter>
    </None>
    <None Include="Resources\images\img_231.png">
      <Filter>Resource Dateien</Filter>
    </None>
    <None Include="Resources\images\img_232.png">
      <Filter>Resource Dateien</Filter>
    </None>
    <None Include="Resources\images\img_233.png">
      <Filter>Resource Dateien</Filter>
    </None>
    <None Include="Resources\images\img_234.png">
      <Filter>Resource Dateien</Filter>
    </None>
    <None Include="Resources\images\img_235.png">
      <Filter>Resource Dateien</Filter>
    </None>
    <None Include="Resources\images\img_236.png">
      <Filter>Resource Dateien</Filter>
    </None>
    <None Include="Resources\images\img_237.png">
      <Filter>Resource Dateien</Filter>
    </None>
    <None Include="Resources\images\img_238.png">
      <Filter>Resource Dateien</Filter>
    </None>
    <None Include="Resources\images\img_239.png">
      <Filter>Resource Dateien</Filter>
    </None>
    <None Include="Resources\images\img_24.png">
      <Filter>Resource Dateien</Filter>
    </None>
    <None Include="Resources\images\img_240.png">
      <Filter>Resource Dateien</Filter>
    </None>
    <None Include="Resources\images\img_241.png">
      <Filter>Resource Dateien</Filter>
    </None>
    <None Include="Resources\images\img_242.png">
      <Filter>Resource Dateien</Filter>
    </None>
    <None Include="Resources\images\img_243.png">
      <Filter>Resource Dateien</Filter>
    </None>
    <None Include="Resources\images\img_244.png">
      <Filter>Resource Dateien</Filter>
    </None>
    <None Include="Resources\images\img_245.png">
      <Filter>Resource Dateien</Filter>
    </None>
    <None Include="Resources\images\img_246.png">
      <Filter>Resource Dateien</Filter>
    </None>
    <None Include="Resources\images\img_247.png">
      <Filter>Resource Dateien</Filter>
    </None>
    <None Include="Resources\images\img_248.png">
      <Filter>Resource Dateien</Filter>
    </None>
    <None Include="Resources\images\img_249.png">
      <Filter>Resource Dateien</Filter>
    </None>
    <None Include="Resources\images\img_25.png">
      <Filter>Resource Dateien</Filter>
    </None>
    <None Include="Resources\images\img_250.png">
      <Filter>Resource Dateien</Filter>
    </None>
    <None Include="Resources\images\img_251.png">
      <Filter>Resource Dateien</Filter>
    </None>
    <None Include="Resources\images\img_252.png">
      <Filter>Resource Dateien</Filter>
    </None>
    <None Include="Resources\images\img_253.png">
      <Filter>Resource Dateien</Filter>
    </None>
    <None Include="Resources\images\img_254.png">
      <Filter>Resource Dateien</Filter>
    </None>
    <None Include="Resources\images\img_255.png">
      <Filter>Resource Dateien</Filter>
    </None>
    <None Include="Resources\images\img_256.png">
      <Filter>Resource Dateien</Filter>
    </None>
    <None Include="Resources\images\img_257.png">
      <Filter>Resource Dateien</Filter>
    </None>
    <None Include="Resources\images\img_258.png">
      <Filter>Resource Dateien</Filter>
    </None>
    <None Include="Resources\images\img_259.png">
      <Filter>Resource Dateien</Filter>
    </None>
    <None Include="Resources\images\img_26.png">
      <Filter>Resource Dateien</Filter>
    </None>
    <None Include="Resources\images\img_260.png">
      <Filter>Resource Dateien</Filter>
    </None>
    <None Include="Resources\images\img_261.png">
      <Filter>Resource Dateien</Filter>
    </None>
    <None Include="Resources\images\img_262.png">
      <Filter>Resource Dateien</Filter>
    </None>
    <None Include="Resources\images\img_263.png">
      <Filter>Resource Dateien</Filter>
    </None>
    <None Include="Resources\images\img_264.png">
      <Filter>Resource Dateien</Filter>
    </None>
    <None Include="Resources\images\img_265.png">
      <Filter>Resource Dateien</Filter>
    </None>
    <None Include="Resources\images\img_266.png">
      <Filter>Resource Dateien</Filter>
    </None>
    <None Include="Resources\images\img_267.png">
      <Filter>Resource Dateien</Filter>
    </None>
    <None Include="Resources\images\img_268.png">
      <Filter>Resource Dateien</Filter>
    </None>
    <None Include="Resources\images\img_269.png">
      <Filter>Resource Dateien</Filter>
    </None>
    <None Include="Resources\images\img_27.png">
      <Filter>Resource Dateien</Filter>
    </None>
    <None Include="Resources\images\img_270.png">
      <Filter>Resource Dateien</Filter>
    </None>
    <None Include="Resources\images\img_271.png">
      <Filter>Resource Dateien</Filter>
    </None>
    <None Include="Resources\images\img_272.png">
      <Filter>Resource Dateien</Filter>
    </None>
    <None Include="Resources\images\img_273.png">
      <Filter>Resource Dateien</Filter>
    </None>
    <None Include="Resources\images\img_274.png">
      <Filter>Resource Dateien</Filter>
    </None>
    <None Include="Resources\images\img_28.png">
      <Filter>Resource Dateien</Filter>
    </None>
    <None Include="Resources\images\img_29.png">
      <Filter>Resource Dateien</Filter>
    </None>
    <None Include="Resources\images\img_3.png">
      <Filter>Resource Dateien</Filter>
    </None>
    <None Include="Resources\images\img_30.png">
      <Filter>Resource Dateien</Filter>
    </None>
    <None Include="Resources\images\img_31.png">
      <Filter>Resource Dateien</Filter>
    </None>
    <None Include="Resources\images\img_32.png">
      <Filter>Resource Dateien</Filter>
    </None>
    <None Include="Resources\images\img_33.png">
      <Filter>Resource Dateien</Filter>
    </None>
    <None Include="Resources\images\img_34.png">
      <Filter>Resource Dateien</Filter>
    </None>
    <None Include="Resources\images\img_35.png">
      <Filter>Resource Dateien</Filter>
    </None>
    <None Include="Resources\images\img_36.png">
      <Filter>Resource Dateien</Filter>
    </None>
    <None Include="Resources\images\img_37.png">
      <Filter>Resource Dateien</Filter>
    </None>
    <None Include="Resources\images\img_38.png">
      <Filter>Resource Dateien</Filter>
    </None>
    <None Include="Resources\images\img_39.png">
      <Filter>Resource Dateien</Filter>
    </None>
    <None Include="Resources\images\img_4.png">
      <Filter>Resource Dateien</Filter>
    </None>
    <None Include="Resources\images\img_40.png">
      <Filter>Resource Dateien</Filter>
    </None>
    <None Include="Resources\images\img_41.png">
      <Filter>Resource Dateien</Filter>
    </None>
    <None Include="Resources\images\img_42.png">
      <Filter>Resource Dateien</Filter>
    </None>
    <None Include="Resources\images\img_43.png">
      <Filter>Resource Dateien</Filter>
    </None>
    <None Include="Resources\images\img_44.png">
      <Filter>Resource Dateien</Filter>
    </None>
    <None Include="Resources\images\img_45.png">
      <Filter>Resource Dateien</Filter>
    </None>
    <None Include="Resources\images\img_46.png">
      <Filter>Resource Dateien</Filter>
    </None>
    <None Include="Resources\images\img_47.png">
      <Filter>Resource Dateien</Filter>
    </None>
    <None Include="Resources\images\img_48.png">
      <Filter>Resource Dateien</Filter>
    </None>
    <None Include="Resources\images\img_49.png">
      <Filter>Resource Dateien</Filter>
    </None>
    <None Include="Resources\images\img_5.png">
      <Filter>Resource Dateien</Filter>
    </None>
    <None Include="Resources\images\img_50.png">
      <Filter>Resource Dateien</Filter>
    </None>
    <None Include="Resources\images\img_51.png">
      <Filter>Resource Dateien</Filter>
    </None>
    <None Include="Resources\images\img_52.png">
      <Filter>Resource Dateien</Filter>
    </None>
    <None Include="Resources\images\img_53.png">
      <Filter>Resource Dateien</Filter>
    </None>
    <None Include="Resources\images\img_54.png">
      <Filter>Resource Dateien</Filter>
    </None>
    <None Include="Resources\images\img_55.png">
      <Filter>Resource Dateien</Filter>
    </None>
    <None Include="Resources\images\img_56.png">
      <Filter>Resource Dateien</Filter>
    </None>
    <None Include="Resources\images\img_57.png">
      <Filter>Resource Dateien</Filter>
    </None>
    <None Include="Resources\images\img_58.png">
      <Filter>Resource Dateien</Filter>
    </None>
    <None Include="Resources\images\img_59.png">
      <Filter>Resource Dateien</Filter>
    </None>
    <None Include="Resources\images\img_6.png">
      <Filter>Resource Dateien</Filter>
    </None>
    <None Include="Resources\images\img_60.png">
      <Filter>Resource Dateien</Filter>
    </None>
    <None Include="Resources\images\img_61.png">
      <Filter>Resource Dateien</Filter>
    </None>
    <None Include="Resources\images\img_62.png">
      <Filter>Resource Dateien</Filter>
    </None>
    <None Include="Resources\images\img_63.png">
      <Filter>Resource Dateien</Filter>
    </None>
    <None Include="Resources\images\img_64.png">
      <Filter>Resource Dateien</Filter>
    </None>
    <None Include="Resources\images\img_65.png">
      <Filter>Resource Dateien</Filter>
    </None>
    <None Include="Resources\images\img_66.png">
      <Filter>Resource Dateien</Filter>
    </None>
    <None Include="Resources\images\img_67.png">
      <Filter>Resource Dateien</Filter>
    </None>
    <None Include="Resources\images\img_68.png">
      <Filter>Resource Dateien</Filter>
    </None>
    <None Include="Resources\images\img_69.png">
      <Filter>Resource Dateien</Filter>
    </None>
    <None Include="Resources\images\img_7.png">
      <Filter>Resource Dateien</Filter>
    </None>
    <None Include="Resources\images\img_70.png">
      <Filter>Resource Dateien</Filter>
    </None>
    <None Include="Resources\images\img_71.png">
      <Filter>Resource Dateien</Filter>
    </None>
    <None Include="Resources\images\img_72.png">
      <Filter>Resource Dateien</Filter>
    </None>
    <None Include="Resources\images\img_73.png">
      <Filter>Resource Dateien</Filter>
    </None>
    <None Include="Resources\images\img_74.png">
      <Filter>Resource Dateien</Filter>
    </None>
    <None Include="Resources\images\img_75.png">
      <Filter>Resource Dateien</Filter>
    </None>
    <None Include="Resources\images\img_76.png">
      <Filter>Resource Dateien</Filter>
    </None>
    <None Include="Resources\images\img_77.png">
      <Filter>Resource Dateien</Filter>
    </None>
    <None Include="Resources\images\img_78.png">
      <Filter>Resource Dateien</Filter>
    </None>
    <None Include="Resources\images\img_79.png">
      <Filter>Resource Dateien</Filter>
    </None>
    <None Include="Resources\images\img_8.png">
      <Filter>Resource Dateien</Filter>
    </None>
    <None Include="Resources\images\img_80.png">
      <Filter>Resource Dateien</Filter>
    </None>
    <None Include="Resources\images\img_81.png">
      <Filter>Resource Dateien</Filter>
    </None>
    <None Include="Resources\images\img_82.png">
      <Filter>Resource Dateien</Filter>
    </None>
    <None Include="Resources\images\img_83.png">
      <Filter>Resource Dateien</Filter>
    </None>
    <None Include="Resources\images\img_84.png">
      <Filter>Resource Dateien</Filter>
    </None>
    <None Include="Resources\images\img_85.png">
      <Filter>Resource Dateien</Filter>
    </None>
    <None Include="Resources\images\img_86.png">
      <Filter>Resource Dateien</Filter>
    </None>
    <None Include="Resources\images\img_87.png">
      <Filter>Resource Dateien</Filter>
    </None>
    <None Include="Resources\images\img_88.png">
      <Filter>Resource Dateien</Filter>
    </None>
    <None Include="Resources\images\img_89.png">
      <Filter>Resource Dateien</Filter>
    </None>
    <None Include="Resources\images\img_9.png">
      <Filter>Resource Dateien</Filter>
    </None>
    <None Include="Resources\images\img_90.png">
      <Filter>Resource Dateien</Filter>
    </None>
    <None Include="Resources\images\img_91.png">
      <Filter>Resource Dateien</Filter>
    </None>
    <None Include="Resources\images\img_92.png">
      <Filter>Resource Dateien</Filter>
    </None>
    <None Include="Resources\images\img_93.png">
      <Filter>Resource Dateien</Filter>
    </None>
    <None Include="Resources\images\img_94.png">
      <Filter>Resource Dateien</Filter>
    </None>
    <None Include="Resources\images\img_95.png">
      <Filter>Resource Dateien</Filter>
    </None>
    <None Include="Resources\images\img_96.png">
      <Filter>Resource Dateien</Filter>
    </None>
    <None Include="Resources\images\img_97.png">
      <Filter>Resource Dateien</Filter>
    </None>
    <None Include="Resources\images\img_98.png">
      <Filter>Resource Dateien</Filter>
    </None>
    <None Include="Resources\images\img_99.png">
      <Filter>Resource Dateien</Filter>
    </None>
  </ItemGroup>
</Project>